
Microsoft Visual Studio Solution File, Format Version 12.00
# Visual Studio Version 17
VisualStudioVersion = 17.8.34330.188
MinimumVisualStudioVersion = 10.0.40219.1
Project("{FAE04EC0-301F-11D3-BF4B-00C04F79EFBC}") = "Dotin.Server", "Dotin\Server\Dotin.Server.csproj", "{393F0235-79B1-4AA1-9160-B8DE1F17EB67}"
EndProject
Project("{FAE04EC0-301F-11D3-BF4B-00C04F79EFBC}") = "Dotin.Client", "Dotin\Client\Dotin.Client.csproj", "{3EFE7C23-159D-416A-AE33-7B54CD8233F5}"
EndProject
Project("{2150E333-8FDC-42A3-9474-1A3956D46DE8}") = "04.Documents", "04.Documents", "{799B4040-9F2F-4E89-927E-AC61613B47B0}"
EndProject
Project("{2150E333-8FDC-42A3-9474-1A3956D46DE8}") = "03.Presentation", "03.Presentation", "{F95EBABA-A641-4E1A-96DD-FF43B3A99752}"
EndProject
Project("{2150E333-8FDC-42A3-9474-1A3956D46DE8}") = "01.Logic", "01.Logic", "{88F5A41E-9FB2-4CB9-9F55-CBEFC32C3E36}"
EndProject
Project("{2150E333-8FDC-42A3-9474-1A3956D46DE8}") = "02.Data", "02.Data", "{0DA516B6-57A6-40D2-B967-A18ECD1E5F9D}"
EndProject
Project("{FAE04EC0-301F-11D3-BF4B-00C04F79EFBC}") = "Dotin.DAL", "Dotin.DAL\Dotin.DAL.csproj", "{15C5B0F5-7704-4ECE-B9E4-7DBA33904568}"
EndProject
Global
	GlobalSection(SolutionConfigurationPlatforms) = preSolution
		Debug|Any CPU = Debug|Any CPU
		Release|Any CPU = Release|Any CPU
	EndGlobalSection
	GlobalSection(ProjectConfigurationPlatforms) = postSolution
		{393F0235-79B1-4AA1-9160-B8DE1F17EB67}.Debug|Any CPU.ActiveCfg = Debug|Any CPU
		{393F0235-79B1-4AA1-9160-B8DE1F17EB67}.Debug|Any CPU.Build.0 = Debug|Any CPU
		{393F0235-79B1-4AA1-9160-B8DE1F17EB67}.Release|Any CPU.ActiveCfg = Release|Any CPU
		{393F0235-79B1-4AA1-9160-B8DE1F17EB67}.Release|Any CPU.Build.0 = Release|Any CPU
		{3EFE7C23-159D-416A-AE33-7B54CD8233F5}.Debug|Any CPU.ActiveCfg = Debug|Any CPU
		{3EFE7C23-159D-416A-AE33-7B54CD8233F5}.Debug|Any CPU.Build.0 = Debug|Any CPU
		{3EFE7C23-159D-416A-AE33-7B54CD8233F5}.Release|Any CPU.ActiveCfg = Release|Any CPU
		{3EFE7C23-159D-416A-AE33-7B54CD8233F5}.Release|Any CPU.Build.0 = Release|Any CPU
		{15C5B0F5-7704-4ECE-B9E4-7DBA33904568}.Debug|Any CPU.ActiveCfg = Debug|Any CPU
		{15C5B0F5-7704-4ECE-B9E4-7DBA33904568}.Debug|Any CPU.Build.0 = Debug|Any CPU
		{15C5B0F5-7704-4ECE-B9E4-7DBA33904568}.Release|Any CPU.ActiveCfg = Release|Any CPU
		{15C5B0F5-7704-4ECE-B9E4-7DBA33904568}.Release|Any CPU.Build.0 = Release|Any CPU
	EndGlobalSection
	GlobalSection(SolutionProperties) = preSolution
		HideSolutionNode = FALSE
	EndGlobalSection
	GlobalSection(NestedProjects) = preSolution
		{393F0235-79B1-4AA1-9160-B8DE1F17EB67} = {88F5A41E-9FB2-4CB9-9F55-CBEFC32C3E36}
		{3EFE7C23-159D-416A-AE33-7B54CD8233F5} = {F95EBABA-A641-4E1A-96DD-FF43B3A99752}
		{15C5B0F5-7704-4ECE-B9E4-7DBA33904568} = {0DA516B6-57A6-40D2-B967-A18ECD1E5F9D}
	EndGlobalSection
	GlobalSection(ExtensibilityGlobals) = postSolution
		SolutionGuid = {CA0ABA73-3762-4EA3-BE74-61D8C75AD905}
	EndGlobalSection
EndGlobal
