
Microsoft Visual Studio Solution File, Format Version 12.00
# Visual Studio Version 17
VisualStudioVersion = 17.8.34330.188
MinimumVisualStudioVersion = 10.0.40219.1
Project("{9A19103F-16F7-4668-BE54-9A1E7A4F7556}") = "Dotin.Server", "Dotin\Server\Dotin.Server.csproj", "{393F0235-79B1-4AA1-9160-B8DE1F17EB67}"
EndProject
Project("{9A19103F-16F7-4668-BE54-9A1E7A4F7556}") = "Dotin.Client", "Dotin\Client\Dotin.Client.csproj", "{3EFE7C23-159D-416A-AE33-7B54CD8233F5}"
EndProject
Project("{2150E333-8FDC-42A3-9474-1A3956D46DE8}") = "05.Documents", "05.Documents", "{799B4040-9F2F-4E89-927E-AC61613B47B0}"
EndProject
Project("{2150E333-8FDC-42A3-9474-1A3956D46DE8}") = "03.Presentation", "03.Presentation", "{F95EBABA-A641-4E1A-96DD-FF43B3A99752}"
EndProject
Project("{2150E333-8FDC-42A3-9474-1A3956D46DE8}") = "01.Core", "01.Core", "{88F5A41E-9FB2-4CB9-9F55-CBEFC32C3E36}"
EndProject
Project("{2150E333-8FDC-42A3-9474-1A3956D46DE8}") = "02.Data", "02.Data", "{0DA516B6-57A6-40D2-B967-A18ECD1E5F9D}"
EndProject
Project("{9A19103F-16F7-4668-BE54-9A1E7A4F7556}") = "Dotin.DAL", "Dotin.DAL\Dotin.DAL.csproj", "{15C5B0F5-7704-4ECE-B9E4-7DBA33904568}"
EndProject
Project("{9A19103F-16F7-4668-BE54-9A1E7A4F7556}") = "Common", "Common\Common.csproj", "{3574C95F-2C00-4207-8EFB-055EEA4BDCD1}"
EndProject
Project("{9A19103F-16F7-4668-BE54-9A1E7A4F7556}") = "Logic", "Logic\Logic.csproj", "{6F5205E7-341D-423C-AF26-97688DD7C845}"
EndProject
Project("{2150E333-8FDC-42A3-9474-1A3956D46DE8}") = "04.Tests", "04.Tests", "{2B85079E-7B95-4B27-A888-9D5D354AD3A1}"
EndProject
Project("{FAE04EC0-301F-11D3-BF4B-00C04F79EFBC}") = "Dotin.Test", "Dotin.Test\Dotin.Test.csproj", "{A79F3FC3-491C-4D28-8717-60C50628877C}"
EndProject
Global
	GlobalSection(SolutionConfigurationPlatforms) = preSolution
		Debug|Any CPU = Debug|Any CPU
		Release|Any CPU = Release|Any CPU
	EndGlobalSection
	GlobalSection(ProjectConfigurationPlatforms) = postSolution
		{393F0235-79B1-4AA1-9160-B8DE1F17EB67}.Debug|Any CPU.ActiveCfg = Debug|Any CPU
		{393F0235-79B1-4AA1-9160-B8DE1F17EB67}.Debug|Any CPU.Build.0 = Debug|Any CPU
		{393F0235-79B1-4AA1-9160-B8DE1F17EB67}.Release|Any CPU.ActiveCfg = Release|Any CPU
		{393F0235-79B1-4AA1-9160-B8DE1F17EB67}.Release|Any CPU.Build.0 = Release|Any CPU
		{3EFE7C23-159D-416A-AE33-7B54CD8233F5}.Debug|Any CPU.ActiveCfg = Debug|Any CPU
		{3EFE7C23-159D-416A-AE33-7B54CD8233F5}.Debug|Any CPU.Build.0 = Debug|Any CPU
		{3EFE7C23-159D-416A-AE33-7B54CD8233F5}.Release|Any CPU.ActiveCfg = Release|Any CPU
		{3EFE7C23-159D-416A-AE33-7B54CD8233F5}.Release|Any CPU.Build.0 = Release|Any CPU
		{15C5B0F5-7704-4ECE-B9E4-7DBA33904568}.Debug|Any CPU.ActiveCfg = Debug|Any CPU
		{15C5B0F5-7704-4ECE-B9E4-7DBA33904568}.Debug|Any CPU.Build.0 = Debug|Any CPU
		{15C5B0F5-7704-4ECE-B9E4-7DBA33904568}.Release|Any CPU.ActiveCfg = Release|Any CPU
		{15C5B0F5-7704-4ECE-B9E4-7DBA33904568}.Release|Any CPU.Build.0 = Release|Any CPU
		{3574C95F-2C00-4207-8EFB-055EEA4BDCD1}.Debug|Any CPU.ActiveCfg = Debug|Any CPU
		{3574C95F-2C00-4207-8EFB-055EEA4BDCD1}.Debug|Any CPU.Build.0 = Debug|Any CPU
		{3574C95F-2C00-4207-8EFB-055EEA4BDCD1}.Release|Any CPU.ActiveCfg = Release|Any CPU
		{3574C95F-2C00-4207-8EFB-055EEA4BDCD1}.Release|Any CPU.Build.0 = Release|Any CPU
		{6F5205E7-341D-423C-AF26-97688DD7C845}.Debug|Any CPU.ActiveCfg = Debug|Any CPU
		{6F5205E7-341D-423C-AF26-97688DD7C845}.Debug|Any CPU.Build.0 = Debug|Any CPU
		{6F5205E7-341D-423C-AF26-97688DD7C845}.Release|Any CPU.ActiveCfg = Release|Any CPU
		{6F5205E7-341D-423C-AF26-97688DD7C845}.Release|Any CPU.Build.0 = Release|Any CPU
		{A79F3FC3-491C-4D28-8717-60C50628877C}.Debug|Any CPU.ActiveCfg = Debug|Any CPU
		{A79F3FC3-491C-4D28-8717-60C50628877C}.Debug|Any CPU.Build.0 = Debug|Any CPU
		{A79F3FC3-491C-4D28-8717-60C50628877C}.Release|Any CPU.ActiveCfg = Release|Any CPU
		{A79F3FC3-491C-4D28-8717-60C50628877C}.Release|Any CPU.Build.0 = Release|Any CPU
	EndGlobalSection
	GlobalSection(SolutionProperties) = preSolution
		HideSolutionNode = FALSE
	EndGlobalSection
	GlobalSection(NestedProjects) = preSolution
		{393F0235-79B1-4AA1-9160-B8DE1F17EB67} = {F95EBABA-A641-4E1A-96DD-FF43B3A99752}
		{3EFE7C23-159D-416A-AE33-7B54CD8233F5} = {F95EBABA-A641-4E1A-96DD-FF43B3A99752}
		{15C5B0F5-7704-4ECE-B9E4-7DBA33904568} = {0DA516B6-57A6-40D2-B967-A18ECD1E5F9D}
		{3574C95F-2C00-4207-8EFB-055EEA4BDCD1} = {88F5A41E-9FB2-4CB9-9F55-CBEFC32C3E36}
		{6F5205E7-341D-423C-AF26-97688DD7C845} = {88F5A41E-9FB2-4CB9-9F55-CBEFC32C3E36}
		{A79F3FC3-491C-4D28-8717-60C50628877C} = {2B85079E-7B95-4B27-A888-9D5D354AD3A1}
	EndGlobalSection
	GlobalSection(ExtensibilityGlobals) = postSolution
		SolutionGuid = {CA0ABA73-3762-4EA3-BE74-61D8C75AD905}
	EndGlobalSection
EndGlobal
